
Microsoft Visual Studio Solution File, Format Version 12.00
# Visual Studio Version 17
VisualStudioVersion = 17.14.36414.22 d17.14
MinimumVisualStudioVersion = 10.0.40219.1
Project("{FAE04EC0-301F-11D3-BF4B-00C04F79EFBC}") = "Test Specter", "Test Specter.csproj", "{70C64230-8549-4DCF-B955-C6903986630F}"
EndProject
Global
	GlobalSection(SolutionConfigurationPlatforms) = preSolution
		Debug|Any CPU = Debug|Any CPU
		Release|Any CPU = Release|Any CPU
	EndGlobalSection
	GlobalSection(ProjectConfigurationPlatforms) = postSolution
		{70C64230-8549-4DCF-B955-C6903986630F}.Debug|Any CPU.ActiveCfg = Debug|Any CPU
		{70C64230-8549-4DCF-B955-C6903986630F}.Debug|Any CPU.Build.0 = Debug|Any CPU
		{70C64230-8549-4DCF-B955-C6903986630F}.Release|Any CPU.ActiveCfg = Release|Any CPU
		{70C64230-8549-4DCF-B955-C6903986630F}.Release|Any CPU.Build.0 = Release|Any CPU
	EndGlobalSection
	GlobalSection(SolutionProperties) = preSolution
		HideSolutionNode = FALSE
	EndGlobalSection
	GlobalSection(ExtensibilityGlobals) = postSolution
		SolutionGuid = {B47D5F41-669C-47A1-916C-E181B49B009E}
	EndGlobalSection
EndGlobal
